
Microsoft Visual Studio Solution File, Format Version 12.00
# Visual Studio Version 17
VisualStudioVersion = 17.7.34031.279
MinimumVisualStudioVersion = 10.0.40219.1
Project("{FAE04EC0-301F-11D3-BF4B-00C04F79EFBC}") = "DirectoryFolder", "DirectoryFolder\DirectoryFolder.csproj", "{71BE930A-ACD1-4672-AEFD-F7A22B1F0D5A}"
EndProject
Global
	GlobalSection(SolutionConfigurationPlatforms) = preSolution
		Debug|Any CPU = Debug|Any CPU
		Release|Any CPU = Release|Any CPU
	EndGlobalSection
	GlobalSection(ProjectConfigurationPlatforms) = postSolution
		{71BE930A-ACD1-4672-AEFD-F7A22B1F0D5A}.Debug|Any CPU.ActiveCfg = Debug|Any CPU
		{71BE930A-ACD1-4672-AEFD-F7A22B1F0D5A}.Debug|Any CPU.Build.0 = Debug|Any CPU
		{71BE930A-ACD1-4672-AEFD-F7A22B1F0D5A}.Release|Any CPU.ActiveCfg = Release|Any CPU
		{71BE930A-ACD1-4672-AEFD-F7A22B1F0D5A}.Release|Any CPU.Build.0 = Release|Any CPU
	EndGlobalSection
	GlobalSection(SolutionProperties) = preSolution
		HideSolutionNode = FALSE
	EndGlobalSection
	GlobalSection(ExtensibilityGlobals) = postSolution
		SolutionGuid = {2FD74C95-C62E-49B9-895F-133EFA9244E6}
	EndGlobalSection
EndGlobal
